
Microsoft Visual Studio Solution File, Format Version 12.00
# Visual Studio 15
VisualStudioVersion = 15.0.28307.168
MinimumVisualStudioVersion = 10.0.40219.1
Project("{FAE04EC0-301F-11D3-BF4B-00C04F79EFBC}") = "IPv4", "IPv4\IPv4.csproj", "{B27CF4E9-D194-4574-914C-ABC5C0B5CD14}"
EndProject
Global
	GlobalSection(SolutionConfigurationPlatforms) = preSolution
		Debug|Any CPU = Debug|Any CPU
		Release|Any CPU = Release|Any CPU
	EndGlobalSection
	GlobalSection(ProjectConfigurationPlatforms) = postSolution
		{B27CF4E9-D194-4574-914C-ABC5C0B5CD14}.Debug|Any CPU.ActiveCfg = Debug|Any CPU
		{B27CF4E9-D194-4574-914C-ABC5C0B5CD14}.Debug|Any CPU.Build.0 = Debug|Any CPU
		{B27CF4E9-D194-4574-914C-ABC5C0B5CD14}.Release|Any CPU.ActiveCfg = Release|Any CPU
		{B27CF4E9-D194-4574-914C-ABC5C0B5CD14}.Release|Any CPU.Build.0 = Release|Any CPU
	EndGlobalSection
	GlobalSection(SolutionProperties) = preSolution
		HideSolutionNode = FALSE
	EndGlobalSection
	GlobalSection(ExtensibilityGlobals) = postSolution
		SolutionGuid = {E5CC7E61-76F1-4E2A-8A57-479EDA3BC2F9}
	EndGlobalSection
EndGlobal
